Microsoft Visual Studio Solution File, Format Version 12.00
# Visual Studio Version 17
VisualStudioVersion = 17.5.2.0
MinimumVisualStudioVersion = 10.0.40219.1
Project("{FAE04EC0-301F-11D3-BF4B-00C04F79EFBC}") = "BookingHomestay", "BookingHomestay.csproj", "{AA30E27B-81BD-4DF7-751A-FDF9C1FB7E20}"
EndProject
Global
	GlobalSection(SolutionConfigurationPlatforms) = preSolution
		Debug|Any CPU = Debug|Any CPU
		Release|Any CPU = Release|Any CPU
	EndGlobalSection
	GlobalSection(ProjectConfigurationPlatforms) = postSolution
		{AA30E27B-81BD-4DF7-751A-FDF9C1FB7E20}.Debug|Any CPU.ActiveCfg = Debug|Any CPU
		{AA30E27B-81BD-4DF7-751A-FDF9C1FB7E20}.Debug|Any CPU.Build.0 = Debug|Any CPU
		{AA30E27B-81BD-4DF7-751A-FDF9C1FB7E20}.Release|Any CPU.ActiveCfg = Release|Any CPU
		{AA30E27B-81BD-4DF7-751A-FDF9C1FB7E20}.Release|Any CPU.Build.0 = Release|Any CPU
	EndGlobalSection
	GlobalSection(SolutionProperties) = preSolution
		HideSolutionNode = FALSE
	EndGlobalSection
	GlobalSection(ExtensibilityGlobals) = postSolution
		SolutionGuid = {A0023C65-C43D-431D-A630-EF70CB38B2AD}
	EndGlobalSection
EndGlobal
